{
  "version": 4,
  "terraform_version": "0.12.29",
  "serial": 17,
  "lineage": "a64a6399-dca1-c8fa-fbf1-3edf893d87e7",
  "outputs": {},
  "resources": [
    {
      "mode": "managed",
      "type": "aws_iam_group",
      "name": "devops_group",
      "provider": "provider.aws",
      "instances": [
        {
          "schema_version": 0,
          "attributes": {
            "arn": "arn:aws:iam::607160436578:group/devops",
            "id": "devops",
            "name": "devops",
            "path": "/",
            "unique_id": "AGPAY2XMVA5RLTCL5FGM2"
          },
          "private": "bnVsbA=="
        }
      ]
    },
    {
      "mode": "managed",
      "type": "aws_iam_group_membership",
      "name": "devops",
      "provider": "provider.aws",
      "instances": [
        {
          "schema_version": 0,
          "attributes": {
            "group": "devops",
            "id": "devops",
            "name": "devops",
            "users": [
              "yoojin.kwon"
            ]
          },
          "private": "bnVsbA==",
          "dependencies": [
            "aws_iam_group.devops_group",
            "aws_iam_user.yoojin_kwon"
          ]
        }
      ]
    },
    {
      "mode": "managed",
      "type": "aws_iam_instance_profile",
      "name": "hello",
      "provider": "provider.aws",
      "instances": [
        {
          "schema_version": 0,
          "attributes": {
            "arn": "arn:aws:iam::607160436578:instance-profile/hello-profile",
            "create_date": "2024-12-19T04:10:41Z",
            "id": "hello-profile",
            "name": "hello-profile",
            "name_prefix": null,
            "path": "/",
            "role": "hello-iam-role",
            "tags": {},
            "unique_id": "AIPAY2XMVA5RK6H3TUGD5"
          },
          "private": "bnVsbA==",
          "dependencies": [
            "aws_iam_role.hello"
          ]
        }
      ]
    },
    {
      "mode": "managed",
      "type": "aws_iam_role",
      "name": "hello",
      "provider": "provider.aws",
      "instances": [
        {
          "schema_version": 0,
          "attributes": {
            "arn": "arn:aws:iam::607160436578:role/hello-iam-role",
            "assume_role_policy": "{\"Version\":\"2012-10-17\",\"Statement\":[{\"Sid\":\"\",\"Effect\":\"Allow\",\"Principal\":{\"Service\":\"ec2.amazonaws.com\"},\"Action\":\"sts:AssumeRole\"}]}",
            "create_date": "2024-12-19T03:40:02Z",
            "description": "",
            "force_detach_policies": false,
            "id": "hello-iam-role",
            "inline_policy": [
              {
                "name": "hello-s3-download",
                "policy": "{\n  \"Statement\": [\n    {\n      \"Sid\": \"AllowAppArtifactsReadAccess\",\n      \"Action\": [\n        \"s3:*\"\n      ],\n      \"Resource\": [\n        \"*\"\n      ],\n      \"Effect\": \"Allow\"\n    }\n  ]\n}\n"
              }
            ],
            "managed_policy_arns": [],
            "max_session_duration": 3600,
            "name": "hello-iam-role",
            "name_prefix": null,
            "path": "/",
            "permissions_boundary": null,
            "tags": {},
            "unique_id": "AROAY2XMVA5RKB7PUOFDL"
          },
          "private": "bnVsbA=="
        }
      ]
    },
    {
      "mode": "managed",
      "type": "aws_iam_role_policy",
      "name": "hello_s3",
      "provider": "provider.aws",
      "instances": [
        {
          "schema_version": 0,
          "attributes": {
            "id": "hello-iam-role:hello-s3-download",
            "name": "hello-s3-download",
            "name_prefix": null,
            "policy": "{\n  \"Statement\": [\n    {\n      \"Sid\": \"AllowAppArtifactsReadAccess\",\n      \"Action\": [\n        \"s3:*\"\n      ],\n      \"Resource\": [\n        \"*\"\n      ],\n      \"Effect\": \"Allow\"\n    }\n  ]\n}\n",
            "role": "hello-iam-role"
          },
          "private": "bnVsbA==",
          "dependencies": [
            "aws_iam_role.hello"
          ]
        }
      ]
    },
    {
      "mode": "managed",
      "type": "aws_iam_user",
      "name": "yoojin_kwon",
      "provider": "provider.aws",
      "instances": [
        {
          "schema_version": 0,
          "attributes": {
            "arn": "arn:aws:iam::607160436578:user/yoojin.kwon",
            "force_destroy": false,
            "id": "yoojin.kwon",
            "name": "yoojin.kwon",
            "path": "/",
            "permissions_boundary": null,
            "tags": {},
            "unique_id": "AIDAY2XMVA5RBLVLUFQ7A"
          },
          "private": "bnVsbA=="
        }
      ]
    },
    {
      "mode": "managed",
      "type": "aws_iam_user_policy",
      "name": "art_devops_black",
      "provider": "provider.aws",
      "instances": [
        {
          "schema_version": 0,
          "attributes": {
            "id": "yoojin.kwon:super-admin",
            "name": "super-admin",
            "name_prefix": null,
            "policy": "{\n  \"Version\": \"2012-10-17\",\n    \"Statement\": [\n        {\n            \"Effect\": \"Allow\",\n            \"Action\": [\n                \"*\"\n            ],\n            \"Resource\": [\n                \"*\"\n            ]\n        }\n    ]\n}\n",
            "user": "yoojin.kwon"
          },
          "private": "bnVsbA==",
          "dependencies": [
            "aws_iam_user.yoojin_kwon"
          ]
        }
      ]
    }
  ]
}
